
Microsoft Visual Studio Solution File, Format Version 12.00
# Visual Studio Version 17
VisualStudioVersion = 17.4.33205.214
MinimumVisualStudioVersion = 10.0.40219.1
Project("{9A19103F-16F7-4668-BE54-9A1E7A4F7556}") = "MyCountDownEvent.Tests", "MyCountDownEvent.Tests.csproj", "{367C442E-E682-454E-BF30-29B55E11BA2B}"
EndProject
Global
	GlobalSection(SolutionConfigurationPlatforms) = preSolution
		Debug|Any CPU = Debug|Any CPU
		Release|Any CPU = Release|Any CPU
	EndGlobalSection
	GlobalSection(ProjectConfigurationPlatforms) = postSolution
		{367C442E-E682-454E-BF30-29B55E11BA2B}.Debug|Any CPU.ActiveCfg = Debug|Any CPU
		{367C442E-E682-454E-BF30-29B55E11BA2B}.Debug|Any CPU.Build.0 = Debug|Any CPU
		{367C442E-E682-454E-BF30-29B55E11BA2B}.Release|Any CPU.ActiveCfg = Release|Any CPU
		{367C442E-E682-454E-BF30-29B55E11BA2B}.Release|Any CPU.Build.0 = Release|Any CPU
	EndGlobalSection
	GlobalSection(SolutionProperties) = preSolution
		HideSolutionNode = FALSE
	EndGlobalSection
	GlobalSection(ExtensibilityGlobals) = postSolution
		SolutionGuid = {EA73F6C9-08C0-4043-9062-833E466A4CBF}
	EndGlobalSection
EndGlobal
